
Microsoft Visual Studio Solution File, Format Version 12.00
# Visual Studio Version 17
VisualStudioVersion = 17.10.35027.167
MinimumVisualStudioVersion = 10.0.40219.1
Project("{2150E333-8FDC-42A3-9474-1A3956D46DE8}") = "src", "src", "{5461C61B-B06E-46BA-B206-925B660BE727}"
EndProject
Project("{2150E333-8FDC-42A3-9474-1A3956D46DE8}") = "tests", "tests", "{45C22EDD-91B1-4AEF-8620-77F4E3E7C544}"
EndProject
Project("{9A19103F-16F7-4668-BE54-9A1E7A4F7556}") = "IdentityServer4Plus", "main\IdentityServer4Plus\IdentityServer4Plus.csproj", "{407C030E-60E6-41F7-AF43-0AC48EDCC17D}"
EndProject
Project("{9A19103F-16F7-4668-BE54-9A1E7A4F7556}") = "IdentityServer4Plus.Storage", "main\Storage\IdentityServer4Plus.Storage.csproj", "{33FEA943-F0AA-44F3-A1C7-AB690D33AA63}"
EndProject
Project("{9A19103F-16F7-4668-BE54-9A1E7A4F7556}") = "IdentityServer4Plus.EntityFramework", "main\EntityFramework\IdentityServer4Plus.EntityFramework.csproj", "{057D223D-FABF-43A6-A6D3-B4755CD18903}"
EndProject
Project("{9A19103F-16F7-4668-BE54-9A1E7A4F7556}") = "IdentityServer4Plus.EntityFramework.Storage", "main\EntityFramework.Storage\IdentityServer4Plus.EntityFramework.Storage.csproj", "{8E8666B2-7CB6-4267-BD3E-F91F90B6AB67}"
EndProject
Project("{9A19103F-16F7-4668-BE54-9A1E7A4F7556}") = "IdentityServer4Plus.AspNetIdentity", "main\AspNetIdentity\IdentityServer4Plus.AspNetIdentity.csproj", "{1A247E71-E74A-49A7-A0CD-8E78E8A2C777}"
EndProject
Project("{9A19103F-16F7-4668-BE54-9A1E7A4F7556}") = "Hosts.IdentityServer4Plus", "hosts\IdentityServer4Plus\Hosts.IdentityServer4Plus.csproj", "{784B3C88-30FA-415D-B99E-584063064508}"
EndProject
Project("{2150E333-8FDC-42A3-9474-1A3956D46DE8}") = "hosts", "hosts", "{31090A2B-E76B-4C9F-B344-D7993F3DABA0}"
EndProject
Project("{2150E333-8FDC-42A3-9474-1A3956D46DE8}") = "migrations", "migrations", "{DC2E7A5F-B3E1-4F8D-BFEA-50EDB50BD9B3}"
EndProject
Project("{FAE04EC0-301F-11D3-BF4B-00C04F79EFBC}") = "Hosts.AspNetIdentity", "hosts\AspNetIdentity\Hosts.AspNetIdentity.csproj", "{1F1BD07C-856B-4A9A-A6DB-09644C843B86}"
EndProject
Project("{FAE04EC0-301F-11D3-BF4B-00C04F79EFBC}") = "Hosts.EntityFramework", "hosts\EntityFramework\Hosts.EntityFramework.csproj", "{F4DBE13C-D6F9-4E54-BEF8-C13887B7C3FF}"
EndProject
Project("{FAE04EC0-301F-11D3-BF4B-00C04F79EFBC}") = "AspNetIdentityDb", "migrations\AspNetIdentityDb\AspNetIdentityDb.csproj", "{ABA05382-2B5A-4AFD-80AA-A471BC34DEA8}"
EndProject
Project("{FAE04EC0-301F-11D3-BF4B-00C04F79EFBC}") = "IdentityServerDb", "migrations\IdentityServerDb\IdentityServerDb.csproj", "{9F94AE40-B34C-41A1-BDA8-1ADD908E2670}"
EndProject
Project("{FAE04EC0-301F-11D3-BF4B-00C04F79EFBC}") = "Storage", "migrations\Storage\Storage.csproj", "{B589A34B-B540-44AF-BE7C-DF181B5149BC}"
EndProject
Project("{9A19103F-16F7-4668-BE54-9A1E7A4F7556}") = "Tests.Main.Unit", "tests\Main.Unit\Tests.Main.Unit.csproj", "{4291820C-735F-4776-8BC4-6527433BC683}"
EndProject
Project("{9A19103F-16F7-4668-BE54-9A1E7A4F7556}") = "Tests.Main.Integration", "tests\Main.Integration\Tests.Main.Integration.csproj", "{94501373-478A-478D-8C17-6AC52E3438CF}"
EndProject
Project("{FAE04EC0-301F-11D3-BF4B-00C04F79EFBC}") = "Tests.EntityFramework.Integration", "tests\EntityFramework.Integration\Tests.EntityFramework.Integration.csproj", "{3A66DE5A-F5A0-4A4C-987C-386D6597541C}"
EndProject
Project("{FAE04EC0-301F-11D3-BF4B-00C04F79EFBC}") = "Tests.EntityFramework.Storage.Integration", "tests\EntityFramework.Storage.Integration\Tests.EntityFramework.Storage.Integration.csproj", "{A262BF7F-9873-40DE-A6F9-2AC1A5E3C816}"
EndProject
Project("{FAE04EC0-301F-11D3-BF4B-00C04F79EFBC}") = "Tests.EntityFramework.Storage.Unit", "tests\EntityFramework.Storage.Unit\Tests.EntityFramework.Storage.Unit.csproj", "{0F57317F-DAEA-43CA-A7CD-1557E5BA19C4}"
EndProject
Global
	GlobalSection(SolutionConfigurationPlatforms) = preSolution
		Debug|Any CPU = Debug|Any CPU
		Release|Any CPU = Release|Any CPU
	EndGlobalSection
	GlobalSection(ProjectConfigurationPlatforms) = postSolution
		{407C030E-60E6-41F7-AF43-0AC48EDCC17D}.Debug|Any CPU.ActiveCfg = Debug|Any CPU
		{407C030E-60E6-41F7-AF43-0AC48EDCC17D}.Debug|Any CPU.Build.0 = Debug|Any CPU
		{407C030E-60E6-41F7-AF43-0AC48EDCC17D}.Release|Any CPU.ActiveCfg = Release|Any CPU
		{407C030E-60E6-41F7-AF43-0AC48EDCC17D}.Release|Any CPU.Build.0 = Release|Any CPU
		{33FEA943-F0AA-44F3-A1C7-AB690D33AA63}.Debug|Any CPU.ActiveCfg = Debug|Any CPU
		{33FEA943-F0AA-44F3-A1C7-AB690D33AA63}.Debug|Any CPU.Build.0 = Debug|Any CPU
		{33FEA943-F0AA-44F3-A1C7-AB690D33AA63}.Release|Any CPU.ActiveCfg = Release|Any CPU
		{33FEA943-F0AA-44F3-A1C7-AB690D33AA63}.Release|Any CPU.Build.0 = Release|Any CPU
		{057D223D-FABF-43A6-A6D3-B4755CD18903}.Debug|Any CPU.ActiveCfg = Debug|Any CPU
		{057D223D-FABF-43A6-A6D3-B4755CD18903}.Debug|Any CPU.Build.0 = Debug|Any CPU
		{057D223D-FABF-43A6-A6D3-B4755CD18903}.Release|Any CPU.ActiveCfg = Release|Any CPU
		{057D223D-FABF-43A6-A6D3-B4755CD18903}.Release|Any CPU.Build.0 = Release|Any CPU
		{8E8666B2-7CB6-4267-BD3E-F91F90B6AB67}.Debug|Any CPU.ActiveCfg = Debug|Any CPU
		{8E8666B2-7CB6-4267-BD3E-F91F90B6AB67}.Debug|Any CPU.Build.0 = Debug|Any CPU
		{8E8666B2-7CB6-4267-BD3E-F91F90B6AB67}.Release|Any CPU.ActiveCfg = Release|Any CPU
		{8E8666B2-7CB6-4267-BD3E-F91F90B6AB67}.Release|Any CPU.Build.0 = Release|Any CPU
		{1A247E71-E74A-49A7-A0CD-8E78E8A2C777}.Debug|Any CPU.ActiveCfg = Debug|Any CPU
		{1A247E71-E74A-49A7-A0CD-8E78E8A2C777}.Debug|Any CPU.Build.0 = Debug|Any CPU
		{1A247E71-E74A-49A7-A0CD-8E78E8A2C777}.Release|Any CPU.ActiveCfg = Release|Any CPU
		{1A247E71-E74A-49A7-A0CD-8E78E8A2C777}.Release|Any CPU.Build.0 = Release|Any CPU
		{784B3C88-30FA-415D-B99E-584063064508}.Debug|Any CPU.ActiveCfg = Debug|Any CPU
		{784B3C88-30FA-415D-B99E-584063064508}.Debug|Any CPU.Build.0 = Debug|Any CPU
		{784B3C88-30FA-415D-B99E-584063064508}.Release|Any CPU.ActiveCfg = Release|Any CPU
		{784B3C88-30FA-415D-B99E-584063064508}.Release|Any CPU.Build.0 = Release|Any CPU
		{4291820C-735F-4776-8BC4-6527433BC683}.Debug|Any CPU.ActiveCfg = Debug|Any CPU
		{4291820C-735F-4776-8BC4-6527433BC683}.Debug|Any CPU.Build.0 = Debug|Any CPU
		{4291820C-735F-4776-8BC4-6527433BC683}.Release|Any CPU.ActiveCfg = Release|Any CPU
		{4291820C-735F-4776-8BC4-6527433BC683}.Release|Any CPU.Build.0 = Release|Any CPU
		{94501373-478A-478D-8C17-6AC52E3438CF}.Debug|Any CPU.ActiveCfg = Debug|Any CPU
		{94501373-478A-478D-8C17-6AC52E3438CF}.Debug|Any CPU.Build.0 = Debug|Any CPU
		{94501373-478A-478D-8C17-6AC52E3438CF}.Release|Any CPU.ActiveCfg = Release|Any CPU
		{94501373-478A-478D-8C17-6AC52E3438CF}.Release|Any CPU.Build.0 = Release|Any CPU
		{1F1BD07C-856B-4A9A-A6DB-09644C843B86}.Debug|Any CPU.ActiveCfg = Debug|Any CPU
		{1F1BD07C-856B-4A9A-A6DB-09644C843B86}.Debug|Any CPU.Build.0 = Debug|Any CPU
		{1F1BD07C-856B-4A9A-A6DB-09644C843B86}.Release|Any CPU.ActiveCfg = Release|Any CPU
		{1F1BD07C-856B-4A9A-A6DB-09644C843B86}.Release|Any CPU.Build.0 = Release|Any CPU
		{F4DBE13C-D6F9-4E54-BEF8-C13887B7C3FF}.Debug|Any CPU.ActiveCfg = Debug|Any CPU
		{F4DBE13C-D6F9-4E54-BEF8-C13887B7C3FF}.Debug|Any CPU.Build.0 = Debug|Any CPU
		{F4DBE13C-D6F9-4E54-BEF8-C13887B7C3FF}.Release|Any CPU.ActiveCfg = Release|Any CPU
		{F4DBE13C-D6F9-4E54-BEF8-C13887B7C3FF}.Release|Any CPU.Build.0 = Release|Any CPU
		{ABA05382-2B5A-4AFD-80AA-A471BC34DEA8}.Debug|Any CPU.ActiveCfg = Debug|Any CPU
		{ABA05382-2B5A-4AFD-80AA-A471BC34DEA8}.Debug|Any CPU.Build.0 = Debug|Any CPU
		{ABA05382-2B5A-4AFD-80AA-A471BC34DEA8}.Release|Any CPU.ActiveCfg = Release|Any CPU
		{ABA05382-2B5A-4AFD-80AA-A471BC34DEA8}.Release|Any CPU.Build.0 = Release|Any CPU
		{9F94AE40-B34C-41A1-BDA8-1ADD908E2670}.Debug|Any CPU.ActiveCfg = Debug|Any CPU
		{9F94AE40-B34C-41A1-BDA8-1ADD908E2670}.Debug|Any CPU.Build.0 = Debug|Any CPU
		{9F94AE40-B34C-41A1-BDA8-1ADD908E2670}.Release|Any CPU.ActiveCfg = Release|Any CPU
		{9F94AE40-B34C-41A1-BDA8-1ADD908E2670}.Release|Any CPU.Build.0 = Release|Any CPU
		{B589A34B-B540-44AF-BE7C-DF181B5149BC}.Debug|Any CPU.ActiveCfg = Debug|Any CPU
		{B589A34B-B540-44AF-BE7C-DF181B5149BC}.Debug|Any CPU.Build.0 = Debug|Any CPU
		{B589A34B-B540-44AF-BE7C-DF181B5149BC}.Release|Any CPU.ActiveCfg = Release|Any CPU
		{B589A34B-B540-44AF-BE7C-DF181B5149BC}.Release|Any CPU.Build.0 = Release|Any CPU
		{3A66DE5A-F5A0-4A4C-987C-386D6597541C}.Debug|Any CPU.ActiveCfg = Debug|Any CPU
		{3A66DE5A-F5A0-4A4C-987C-386D6597541C}.Debug|Any CPU.Build.0 = Debug|Any CPU
		{3A66DE5A-F5A0-4A4C-987C-386D6597541C}.Release|Any CPU.ActiveCfg = Release|Any CPU
		{3A66DE5A-F5A0-4A4C-987C-386D6597541C}.Release|Any CPU.Build.0 = Release|Any CPU
		{A262BF7F-9873-40DE-A6F9-2AC1A5E3C816}.Debug|Any CPU.ActiveCfg = Debug|Any CPU
		{A262BF7F-9873-40DE-A6F9-2AC1A5E3C816}.Debug|Any CPU.Build.0 = Debug|Any CPU
		{A262BF7F-9873-40DE-A6F9-2AC1A5E3C816}.Release|Any CPU.ActiveCfg = Release|Any CPU
		{A262BF7F-9873-40DE-A6F9-2AC1A5E3C816}.Release|Any CPU.Build.0 = Release|Any CPU
		{0F57317F-DAEA-43CA-A7CD-1557E5BA19C4}.Debug|Any CPU.ActiveCfg = Debug|Any CPU
		{0F57317F-DAEA-43CA-A7CD-1557E5BA19C4}.Debug|Any CPU.Build.0 = Debug|Any CPU
		{0F57317F-DAEA-43CA-A7CD-1557E5BA19C4}.Release|Any CPU.ActiveCfg = Release|Any CPU
		{0F57317F-DAEA-43CA-A7CD-1557E5BA19C4}.Release|Any CPU.Build.0 = Release|Any CPU
	EndGlobalSection
	GlobalSection(SolutionProperties) = preSolution
		HideSolutionNode = FALSE
	EndGlobalSection
	GlobalSection(NestedProjects) = preSolution
		{407C030E-60E6-41F7-AF43-0AC48EDCC17D} = {5461C61B-B06E-46BA-B206-925B660BE727}
		{33FEA943-F0AA-44F3-A1C7-AB690D33AA63} = {5461C61B-B06E-46BA-B206-925B660BE727}
		{057D223D-FABF-43A6-A6D3-B4755CD18903} = {5461C61B-B06E-46BA-B206-925B660BE727}
		{8E8666B2-7CB6-4267-BD3E-F91F90B6AB67} = {5461C61B-B06E-46BA-B206-925B660BE727}
		{1A247E71-E74A-49A7-A0CD-8E78E8A2C777} = {5461C61B-B06E-46BA-B206-925B660BE727}
		{784B3C88-30FA-415D-B99E-584063064508} = {31090A2B-E76B-4C9F-B344-D7993F3DABA0}
		{4291820C-735F-4776-8BC4-6527433BC683} = {45C22EDD-91B1-4AEF-8620-77F4E3E7C544}
		{94501373-478A-478D-8C17-6AC52E3438CF} = {45C22EDD-91B1-4AEF-8620-77F4E3E7C544}
		{1F1BD07C-856B-4A9A-A6DB-09644C843B86} = {31090A2B-E76B-4C9F-B344-D7993F3DABA0}
		{F4DBE13C-D6F9-4E54-BEF8-C13887B7C3FF} = {31090A2B-E76B-4C9F-B344-D7993F3DABA0}
		{ABA05382-2B5A-4AFD-80AA-A471BC34DEA8} = {DC2E7A5F-B3E1-4F8D-BFEA-50EDB50BD9B3}
		{9F94AE40-B34C-41A1-BDA8-1ADD908E2670} = {DC2E7A5F-B3E1-4F8D-BFEA-50EDB50BD9B3}
		{B589A34B-B540-44AF-BE7C-DF181B5149BC} = {DC2E7A5F-B3E1-4F8D-BFEA-50EDB50BD9B3}
		{3A66DE5A-F5A0-4A4C-987C-386D6597541C} = {45C22EDD-91B1-4AEF-8620-77F4E3E7C544}
		{A262BF7F-9873-40DE-A6F9-2AC1A5E3C816} = {45C22EDD-91B1-4AEF-8620-77F4E3E7C544}
		{0F57317F-DAEA-43CA-A7CD-1557E5BA19C4} = {45C22EDD-91B1-4AEF-8620-77F4E3E7C544}
	EndGlobalSection
	GlobalSection(ExtensibilityGlobals) = postSolution
		SolutionGuid = {176723F7-4A9B-4F05-A9F3-3BA715E4BDC3}
	EndGlobalSection
EndGlobal
