
Microsoft Visual Studio Solution File, Format Version 12.00
# Visual Studio Version 17
VisualStudioVersion = 17.10.35027.167
MinimumVisualStudioVersion = 10.0.40219.1
Project("{2150E333-8FDC-42A3-9474-1A3956D46DE8}") = "src", "src", "{187AC294-0420-4726-808B-ED49148C0632}"
EndProject
Project("{2150E333-8FDC-42A3-9474-1A3956D46DE8}") = "Solution Items", "Solution Items", "{179A2A2C-3B3D-437C-B5F3-3B81472C8335}"
EndProject
Project("{2150E333-8FDC-42A3-9474-1A3956D46DE8}") = "APIs", "APIs", "{AFE7085F-051E-4829-955F-3426FE643BDD}"
EndProject
Project("{9A19103F-16F7-4668-BE54-9A1E7A4F7556}") = "ConsoleClientCredentialsFlow", "clients\ConsoleClientCredentialsFlow\ConsoleClientCredentialsFlow.csproj", "{6729A51B-A7D9-43F3-8F48-D55478254AB7}"
EndProject
Project("{9A19103F-16F7-4668-BE54-9A1E7A4F7556}") = "Constants", "clients\Constants\Constants.csproj", "{2096C1D4-5C89-46D5-874A-66E78C9E5A98}"
EndProject
Project("{9A19103F-16F7-4668-BE54-9A1E7A4F7556}") = "ConsoleResourceOwnerFlow", "clients\ConsoleResourceOwnerFlow\ConsoleResourceOwnerFlow.csproj", "{9BFE1F4E-C2F4-49FC-917E-BE25C0F42D84}"
EndProject
Project("{9A19103F-16F7-4668-BE54-9A1E7A4F7556}") = "ConsoleClientCredentialsFlowPostBody", "clients\ConsoleClientCredentialsFlowPostBody\ConsoleClientCredentialsFlowPostBody.csproj", "{BEA2C25F-0551-4AFC-9961-7DB934724FF1}"
EndProject
Project("{9A19103F-16F7-4668-BE54-9A1E7A4F7556}") = "ConsoleResourceOwnerFlowRefreshToken", "clients\ConsoleResourceOwnerFlowRefreshToken\ConsoleResourceOwnerFlowRefreshToken.csproj", "{2952A3E3-8831-419B-B14C-448C409961A7}"
EndProject
Project("{9A19103F-16F7-4668-BE54-9A1E7A4F7556}") = "ConsoleResourceOwnerFlowUserInfo", "clients\ConsoleResourceOwnerFlowUserInfo\ConsoleResourceOwnerFlowUserInfo.csproj", "{120F561D-5670-4C80-8CAB-4D770204DC91}"
EndProject
Project("{9A19103F-16F7-4668-BE54-9A1E7A4F7556}") = "ConsoleIntrospectionClient", "clients\ConsoleIntrospectionClient\ConsoleIntrospectionClient.csproj", "{395F9DF7-AE5A-403E-BE7A-4AF045B21BB3}"
EndProject
Project("{9A19103F-16F7-4668-BE54-9A1E7A4F7556}") = "ConsoleResourceOwnerFlowReference", "clients\ConsoleResourceOwnerFlowReference\ConsoleResourceOwnerFlowReference.csproj", "{0E9145DB-CC70-44F9-B52B-1D7D4C2B2E5F}"
EndProject
Project("{9A19103F-16F7-4668-BE54-9A1E7A4F7556}") = "ConsoleExtensionGrant", "clients\ConsoleCustomGrant\ConsoleExtensionGrant.csproj", "{546267CD-BE21-44E1-A06E-C7558864EE4F}"
EndProject
Project("{9A19103F-16F7-4668-BE54-9A1E7A4F7556}") = "JsOidc", "clients\JsOidc\JsOidc.csproj", "{A29115B9-30E4-4967-AD5A-C32394B8A64C}"
EndProject
Project("{9A19103F-16F7-4668-BE54-9A1E7A4F7556}") = "ConsoleResourceOwnerFlowPublic", "clients\ConsoleResourceOwnerFlowPublic\ConsoleResourceOwnerFlowPublic.csproj", "{8648122C-EE91-4B3B-98CD-355C3F1B9FDF}"
EndProject
Project("{9A19103F-16F7-4668-BE54-9A1E7A4F7556}") = "ConsolePrivateKeyJwtClient", "clients\ConsolePrivateKeyJwtClient\ConsolePrivateKeyJwtClient.csproj", "{1EC25581-781E-4FEA-A8AC-72BBD599FB87}"
EndProject
Project("{9A19103F-16F7-4668-BE54-9A1E7A4F7556}") = "ConsoleCode", "clients\ConsoleCode\ConsoleCode.csproj", "{BB38F47A-1BBF-47E1-9872-088FC81DC825}"
EndProject
Project("{9A19103F-16F7-4668-BE54-9A1E7A4F7556}") = "MvcHybridBackChannel", "clients\MvcHybridBackChannel\MvcHybridBackChannel.csproj", "{57F395AD-48D2-48BF-A117-881E112D947E}"
EndProject
Project("{9A19103F-16F7-4668-BE54-9A1E7A4F7556}") = "ConsoleDeviceFlow", "clients\ConsoleDeviceFlow\ConsoleDeviceFlow.csproj", "{879689CC-38F7-418F-9721-9D4158302B69}"
EndProject
Project("{9A19103F-16F7-4668-BE54-9A1E7A4F7556}") = "ConsoleClientCredentialsFlowCallingIdentityServerApi", "clients\ConsoleClientCredentialsFlowCallingIdentityServerApi\ConsoleClientCredentialsFlowCallingIdentityServerApi.csproj", "{141BD303-CD29-472F-B5D8-C1F28ED0621A}"
EndProject
Project("{9A19103F-16F7-4668-BE54-9A1E7A4F7556}") = "ConsoleMTLSClient", "clients\ConsoleMTLSClient\ConsoleMTLSClient.csproj", "{EA1583D5-80DE-4A11-9530-26A0ED1FBA2C}"
EndProject
Project("{9A19103F-16F7-4668-BE54-9A1E7A4F7556}") = "MvcCode", "clients\MvcCode\MvcCode.csproj", "{9FB83FF6-5A75-4036-80E6-11B302B921BE}"
EndProject
Project("{9A19103F-16F7-4668-BE54-9A1E7A4F7556}") = "MvcAutomaticTokenManagement", "clients\MvcAutomaticTokenManagement\MvcAutomaticTokenManagement.csproj", "{8302E4DD-2A99-439C-9D0C-A4BCF48E3FA3}"
EndProject
Project("{9A19103F-16F7-4668-BE54-9A1E7A4F7556}") = "ConsoleEphemeralMtlsClient", "clients\ConsoleEphemeralMtlsClient\ConsoleEphemeralMtlsClient.csproj", "{47A706D4-4DF6-437E-9401-61878ECA243C}"
EndProject
Project("{2150E333-8FDC-42A3-9474-1A3956D46DE8}") = "Web", "Web", "{158628D7-8B68-451E-AF22-B64F473C5943}"
EndProject
Project("{2150E333-8FDC-42A3-9474-1A3956D46DE8}") = "Console", "Console", "{D027D36B-262B-450A-B444-5B7893B5142E}"
EndProject
Project("{FAE04EC0-301F-11D3-BF4B-00C04F79EFBC}") = "ConsoleParameterizedScopeClient", "clients\ConsoleParameterizedScopeClient\ConsoleParameterizedScopeClient.csproj", "{AE8D301D-BDDD-4E04-A487-FD08BAF18B75}"
EndProject
Project("{FAE04EC0-301F-11D3-BF4B-00C04F79EFBC}") = "SimpleApi", "clients\APIs\SimpleApi\SimpleApi.csproj", "{215D863E-9D87-42F4-AD17-209C330C6ECB}"
EndProject
Project("{FAE04EC0-301F-11D3-BF4B-00C04F79EFBC}") = "ResourceBasedApi", "clients\APIs\ResourceBasedApi\ResourceBasedApi.csproj", "{933613BD-35B0-4F79-A7A7-02F663C55B61}"
EndProject
Project("{2150E333-8FDC-42A3-9474-1A3956D46DE8}") = "AccessToken", "AccessToken", "{7BEA3B24-1E26-4897-9ECD-FF2E9B8F0FD6}"
EndProject
Project("{FAE04EC0-301F-11D3-BF4B-00C04F79EFBC}") = "BlazorServer", "clients\AccessToken.BlazorServer\BlazorServer.csproj", "{D3C276B2-3EF8-40A0-B048-B17B31498E31}"
EndProject
Project("{FAE04EC0-301F-11D3-BF4B-00C04F79EFBC}") = "Web", "clients\AccessToken.Web\Web.csproj", "{3AA77433-E043-4A5E-B1BB-39D0C3408BE6}"
EndProject
Project("{FAE04EC0-301F-11D3-BF4B-00C04F79EFBC}") = "Worker", "clients\AccessToken.Worker\Worker.csproj", "{E0C7614F-EC1F-46DD-8D29-7D49087910FC}"
EndProject
Project("{FAE04EC0-301F-11D3-BF4B-00C04F79EFBC}") = "WorkerDI", "clients\AccessToken.WorkerDI\WorkerDI.csproj", "{C3076684-DC5C-4B48-8EA5-404471CC97FD}"
EndProject
Project("{FAE04EC0-301F-11D3-BF4B-00C04F79EFBC}") = "WebJarJwt", "clients\AccessToken.WebJarJwt\WebJarJwt.csproj", "{8158763F-692C-4558-BC70-5D39868DFA6E}"
EndProject
Project("{FAE04EC0-301F-11D3-BF4B-00C04F79EFBC}") = "IdentityServer4Plus.AccessToken", "main\AccessToken\IdentityServer4Plus.AccessToken.csproj", "{F9CD42C8-61F9-4D07-BF69-F7F26041F007}"
EndProject
Project("{FAE04EC0-301F-11D3-BF4B-00C04F79EFBC}") = "IdentityServer4Plus.AccessToken.OpenIdConnect", "main\AccessToken.OpenIdConnect\IdentityServer4Plus.AccessToken.OpenIdConnect.csproj", "{F006AF84-F0B0-4B1C-A6D2-E1BCE9E8CD8F}"
EndProject
Project("{FAE04EC0-301F-11D3-BF4B-00C04F79EFBC}") = "DPoPApi", "clients\APIs\DPoPApi\DPoPApi.csproj", "{4C0C857C-69DF-4E80-A7CB-330C9FEF6B0B}"
EndProject
Project("{FAE04EC0-301F-11D3-BF4B-00C04F79EFBC}") = "ConsoleCibaClient", "clients\ConsoleCibaClient\ConsoleCibaClient.csproj", "{0ABB303E-701F-4CCE-B3DE-E5290DA2D787}"
EndProject
Project("{FAE04EC0-301F-11D3-BF4B-00C04F79EFBC}") = "ConsoleClientCredentialsFlowDPoP", "clients\ConsoleClientCredentialsFlowDPoP\ConsoleClientCredentialsFlowDPoP.csproj", "{DD4AE6C9-72DC-4191-8880-21C8E984FCEF}"
EndProject
Project("{FAE04EC0-301F-11D3-BF4B-00C04F79EFBC}") = "ConsoleDcrClient", "clients\ConsoleDcrClient\ConsoleDcrClient.csproj", "{A5C632D7-8F90-4B20-A358-444413CD84CE}"
EndProject
Project("{FAE04EC0-301F-11D3-BF4B-00C04F79EFBC}") = "ConsoleResourceIndicators", "clients\ConsoleResourceIndicators\ConsoleResourceIndicators.csproj", "{5FD85AAB-4592-478E-A0E3-D3D579F94F39}"
EndProject
Project("{FAE04EC0-301F-11D3-BF4B-00C04F79EFBC}") = "ConsoleScopesResources", "clients\ConsoleScopesResources\ConsoleScopesResources.csproj", "{9E01188E-38DB-4731-B612-3881B9F034FA}"
EndProject
Project("{FAE04EC0-301F-11D3-BF4B-00C04F79EFBC}") = "MvcDPoP", "clients\MvcDPoP\MvcDPoP.csproj", "{C4314596-42D5-4232-8F86-A55E2C1B5A1E}"
EndProject
Project("{FAE04EC0-301F-11D3-BF4B-00C04F79EFBC}") = "MvcJarJwt", "clients\MvcJarJwt\MvcJarJwt.csproj", "{4E7B9B58-8D2E-4BA4-A1E6-B72EB19E59A6}"
EndProject
Project("{FAE04EC0-301F-11D3-BF4B-00C04F79EFBC}") = "MvcJarPar", "clients\MvcJarPar\MvcJarPar.csproj", "{A14EF242-B6B8-42D2-A6A9-40037193C2D2}"
EndProject
Project("{FAE04EC0-301F-11D3-BF4B-00C04F79EFBC}") = "MvcPar", "clients\MvcPar\MvcPar.csproj", "{6252163B-1B9A-42D0-97A2-5C3BBAEF939E}"
EndProject
Project("{FAE04EC0-301F-11D3-BF4B-00C04F79EFBC}") = "MvcJarUriJwt", "clients\MvcJarUriJwt\MvcJarUriJwt.csproj", "{D1C50FDF-CAFB-4865-91E0-AA3E8964FF91}"
EndProject
Global
	GlobalSection(SolutionConfigurationPlatforms) = preSolution
		Debug|Any CPU = Debug|Any CPU
		Release|Any CPU = Release|Any CPU
	EndGlobalSection
	GlobalSection(ProjectConfigurationPlatforms) = postSolution
		{6729A51B-A7D9-43F3-8F48-D55478254AB7}.Debug|Any CPU.ActiveCfg = Debug|Any CPU
		{6729A51B-A7D9-43F3-8F48-D55478254AB7}.Debug|Any CPU.Build.0 = Debug|Any CPU
		{6729A51B-A7D9-43F3-8F48-D55478254AB7}.Release|Any CPU.ActiveCfg = Release|Any CPU
		{6729A51B-A7D9-43F3-8F48-D55478254AB7}.Release|Any CPU.Build.0 = Release|Any CPU
		{2096C1D4-5C89-46D5-874A-66E78C9E5A98}.Debug|Any CPU.ActiveCfg = Debug|Any CPU
		{2096C1D4-5C89-46D5-874A-66E78C9E5A98}.Debug|Any CPU.Build.0 = Debug|Any CPU
		{2096C1D4-5C89-46D5-874A-66E78C9E5A98}.Release|Any CPU.ActiveCfg = Release|Any CPU
		{2096C1D4-5C89-46D5-874A-66E78C9E5A98}.Release|Any CPU.Build.0 = Release|Any CPU
		{9BFE1F4E-C2F4-49FC-917E-BE25C0F42D84}.Debug|Any CPU.ActiveCfg = Debug|Any CPU
		{9BFE1F4E-C2F4-49FC-917E-BE25C0F42D84}.Debug|Any CPU.Build.0 = Debug|Any CPU
		{9BFE1F4E-C2F4-49FC-917E-BE25C0F42D84}.Release|Any CPU.ActiveCfg = Release|Any CPU
		{9BFE1F4E-C2F4-49FC-917E-BE25C0F42D84}.Release|Any CPU.Build.0 = Release|Any CPU
		{BEA2C25F-0551-4AFC-9961-7DB934724FF1}.Debug|Any CPU.ActiveCfg = Debug|Any CPU
		{BEA2C25F-0551-4AFC-9961-7DB934724FF1}.Debug|Any CPU.Build.0 = Debug|Any CPU
		{BEA2C25F-0551-4AFC-9961-7DB934724FF1}.Release|Any CPU.ActiveCfg = Release|Any CPU
		{BEA2C25F-0551-4AFC-9961-7DB934724FF1}.Release|Any CPU.Build.0 = Release|Any CPU
		{2952A3E3-8831-419B-B14C-448C409961A7}.Debug|Any CPU.ActiveCfg = Debug|Any CPU
		{2952A3E3-8831-419B-B14C-448C409961A7}.Debug|Any CPU.Build.0 = Debug|Any CPU
		{2952A3E3-8831-419B-B14C-448C409961A7}.Release|Any CPU.ActiveCfg = Release|Any CPU
		{2952A3E3-8831-419B-B14C-448C409961A7}.Release|Any CPU.Build.0 = Release|Any CPU
		{120F561D-5670-4C80-8CAB-4D770204DC91}.Debug|Any CPU.ActiveCfg = Debug|Any CPU
		{120F561D-5670-4C80-8CAB-4D770204DC91}.Debug|Any CPU.Build.0 = Debug|Any CPU
		{120F561D-5670-4C80-8CAB-4D770204DC91}.Release|Any CPU.ActiveCfg = Release|Any CPU
		{120F561D-5670-4C80-8CAB-4D770204DC91}.Release|Any CPU.Build.0 = Release|Any CPU
		{395F9DF7-AE5A-403E-BE7A-4AF045B21BB3}.Debug|Any CPU.ActiveCfg = Debug|Any CPU
		{395F9DF7-AE5A-403E-BE7A-4AF045B21BB3}.Debug|Any CPU.Build.0 = Debug|Any CPU
		{395F9DF7-AE5A-403E-BE7A-4AF045B21BB3}.Release|Any CPU.ActiveCfg = Release|Any CPU
		{395F9DF7-AE5A-403E-BE7A-4AF045B21BB3}.Release|Any CPU.Build.0 = Release|Any CPU
		{0E9145DB-CC70-44F9-B52B-1D7D4C2B2E5F}.Debug|Any CPU.ActiveCfg = Debug|Any CPU
		{0E9145DB-CC70-44F9-B52B-1D7D4C2B2E5F}.Debug|Any CPU.Build.0 = Debug|Any CPU
		{0E9145DB-CC70-44F9-B52B-1D7D4C2B2E5F}.Release|Any CPU.ActiveCfg = Release|Any CPU
		{0E9145DB-CC70-44F9-B52B-1D7D4C2B2E5F}.Release|Any CPU.Build.0 = Release|Any CPU
		{546267CD-BE21-44E1-A06E-C7558864EE4F}.Debug|Any CPU.ActiveCfg = Debug|Any CPU
		{546267CD-BE21-44E1-A06E-C7558864EE4F}.Debug|Any CPU.Build.0 = Debug|Any CPU
		{546267CD-BE21-44E1-A06E-C7558864EE4F}.Release|Any CPU.ActiveCfg = Release|Any CPU
		{546267CD-BE21-44E1-A06E-C7558864EE4F}.Release|Any CPU.Build.0 = Release|Any CPU
		{A29115B9-30E4-4967-AD5A-C32394B8A64C}.Debug|Any CPU.ActiveCfg = Debug|Any CPU
		{A29115B9-30E4-4967-AD5A-C32394B8A64C}.Debug|Any CPU.Build.0 = Debug|Any CPU
		{A29115B9-30E4-4967-AD5A-C32394B8A64C}.Release|Any CPU.ActiveCfg = Release|Any CPU
		{A29115B9-30E4-4967-AD5A-C32394B8A64C}.Release|Any CPU.Build.0 = Release|Any CPU
		{8648122C-EE91-4B3B-98CD-355C3F1B9FDF}.Debug|Any CPU.ActiveCfg = Debug|Any CPU
		{8648122C-EE91-4B3B-98CD-355C3F1B9FDF}.Debug|Any CPU.Build.0 = Debug|Any CPU
		{8648122C-EE91-4B3B-98CD-355C3F1B9FDF}.Release|Any CPU.ActiveCfg = Release|Any CPU
		{8648122C-EE91-4B3B-98CD-355C3F1B9FDF}.Release|Any CPU.Build.0 = Release|Any CPU
		{1EC25581-781E-4FEA-A8AC-72BBD599FB87}.Debug|Any CPU.ActiveCfg = Debug|Any CPU
		{1EC25581-781E-4FEA-A8AC-72BBD599FB87}.Debug|Any CPU.Build.0 = Debug|Any CPU
		{1EC25581-781E-4FEA-A8AC-72BBD599FB87}.Release|Any CPU.ActiveCfg = Release|Any CPU
		{1EC25581-781E-4FEA-A8AC-72BBD599FB87}.Release|Any CPU.Build.0 = Release|Any CPU
		{BB38F47A-1BBF-47E1-9872-088FC81DC825}.Debug|Any CPU.ActiveCfg = Debug|Any CPU
		{BB38F47A-1BBF-47E1-9872-088FC81DC825}.Debug|Any CPU.Build.0 = Debug|Any CPU
		{BB38F47A-1BBF-47E1-9872-088FC81DC825}.Release|Any CPU.ActiveCfg = Release|Any CPU
		{BB38F47A-1BBF-47E1-9872-088FC81DC825}.Release|Any CPU.Build.0 = Release|Any CPU
		{57F395AD-48D2-48BF-A117-881E112D947E}.Debug|Any CPU.ActiveCfg = Debug|Any CPU
		{57F395AD-48D2-48BF-A117-881E112D947E}.Debug|Any CPU.Build.0 = Debug|Any CPU
		{57F395AD-48D2-48BF-A117-881E112D947E}.Release|Any CPU.ActiveCfg = Release|Any CPU
		{57F395AD-48D2-48BF-A117-881E112D947E}.Release|Any CPU.Build.0 = Release|Any CPU
		{879689CC-38F7-418F-9721-9D4158302B69}.Debug|Any CPU.ActiveCfg = Debug|Any CPU
		{879689CC-38F7-418F-9721-9D4158302B69}.Debug|Any CPU.Build.0 = Debug|Any CPU
		{879689CC-38F7-418F-9721-9D4158302B69}.Release|Any CPU.ActiveCfg = Release|Any CPU
		{879689CC-38F7-418F-9721-9D4158302B69}.Release|Any CPU.Build.0 = Release|Any CPU
		{141BD303-CD29-472F-B5D8-C1F28ED0621A}.Debug|Any CPU.ActiveCfg = Debug|Any CPU
		{141BD303-CD29-472F-B5D8-C1F28ED0621A}.Debug|Any CPU.Build.0 = Debug|Any CPU
		{141BD303-CD29-472F-B5D8-C1F28ED0621A}.Release|Any CPU.ActiveCfg = Release|Any CPU
		{141BD303-CD29-472F-B5D8-C1F28ED0621A}.Release|Any CPU.Build.0 = Release|Any CPU
		{EA1583D5-80DE-4A11-9530-26A0ED1FBA2C}.Debug|Any CPU.ActiveCfg = Debug|Any CPU
		{EA1583D5-80DE-4A11-9530-26A0ED1FBA2C}.Debug|Any CPU.Build.0 = Debug|Any CPU
		{EA1583D5-80DE-4A11-9530-26A0ED1FBA2C}.Release|Any CPU.ActiveCfg = Release|Any CPU
		{EA1583D5-80DE-4A11-9530-26A0ED1FBA2C}.Release|Any CPU.Build.0 = Release|Any CPU
		{9FB83FF6-5A75-4036-80E6-11B302B921BE}.Debug|Any CPU.ActiveCfg = Debug|Any CPU
		{9FB83FF6-5A75-4036-80E6-11B302B921BE}.Debug|Any CPU.Build.0 = Debug|Any CPU
		{9FB83FF6-5A75-4036-80E6-11B302B921BE}.Release|Any CPU.ActiveCfg = Release|Any CPU
		{9FB83FF6-5A75-4036-80E6-11B302B921BE}.Release|Any CPU.Build.0 = Release|Any CPU
		{8302E4DD-2A99-439C-9D0C-A4BCF48E3FA3}.Debug|Any CPU.ActiveCfg = Debug|Any CPU
		{8302E4DD-2A99-439C-9D0C-A4BCF48E3FA3}.Debug|Any CPU.Build.0 = Debug|Any CPU
		{8302E4DD-2A99-439C-9D0C-A4BCF48E3FA3}.Release|Any CPU.ActiveCfg = Release|Any CPU
		{8302E4DD-2A99-439C-9D0C-A4BCF48E3FA3}.Release|Any CPU.Build.0 = Release|Any CPU
		{47A706D4-4DF6-437E-9401-61878ECA243C}.Debug|Any CPU.ActiveCfg = Debug|Any CPU
		{47A706D4-4DF6-437E-9401-61878ECA243C}.Debug|Any CPU.Build.0 = Debug|Any CPU
		{47A706D4-4DF6-437E-9401-61878ECA243C}.Release|Any CPU.ActiveCfg = Release|Any CPU
		{47A706D4-4DF6-437E-9401-61878ECA243C}.Release|Any CPU.Build.0 = Release|Any CPU
		{AE8D301D-BDDD-4E04-A487-FD08BAF18B75}.Debug|Any CPU.ActiveCfg = Debug|Any CPU
		{AE8D301D-BDDD-4E04-A487-FD08BAF18B75}.Debug|Any CPU.Build.0 = Debug|Any CPU
		{AE8D301D-BDDD-4E04-A487-FD08BAF18B75}.Release|Any CPU.ActiveCfg = Release|Any CPU
		{AE8D301D-BDDD-4E04-A487-FD08BAF18B75}.Release|Any CPU.Build.0 = Release|Any CPU
		{215D863E-9D87-42F4-AD17-209C330C6ECB}.Debug|Any CPU.ActiveCfg = Debug|Any CPU
		{215D863E-9D87-42F4-AD17-209C330C6ECB}.Debug|Any CPU.Build.0 = Debug|Any CPU
		{215D863E-9D87-42F4-AD17-209C330C6ECB}.Release|Any CPU.ActiveCfg = Release|Any CPU
		{215D863E-9D87-42F4-AD17-209C330C6ECB}.Release|Any CPU.Build.0 = Release|Any CPU
		{933613BD-35B0-4F79-A7A7-02F663C55B61}.Debug|Any CPU.ActiveCfg = Debug|Any CPU
		{933613BD-35B0-4F79-A7A7-02F663C55B61}.Debug|Any CPU.Build.0 = Debug|Any CPU
		{933613BD-35B0-4F79-A7A7-02F663C55B61}.Release|Any CPU.ActiveCfg = Release|Any CPU
		{933613BD-35B0-4F79-A7A7-02F663C55B61}.Release|Any CPU.Build.0 = Release|Any CPU
		{D3C276B2-3EF8-40A0-B048-B17B31498E31}.Debug|Any CPU.ActiveCfg = Debug|Any CPU
		{D3C276B2-3EF8-40A0-B048-B17B31498E31}.Debug|Any CPU.Build.0 = Debug|Any CPU
		{D3C276B2-3EF8-40A0-B048-B17B31498E31}.Release|Any CPU.ActiveCfg = Release|Any CPU
		{D3C276B2-3EF8-40A0-B048-B17B31498E31}.Release|Any CPU.Build.0 = Release|Any CPU
		{3AA77433-E043-4A5E-B1BB-39D0C3408BE6}.Debug|Any CPU.ActiveCfg = Debug|Any CPU
		{3AA77433-E043-4A5E-B1BB-39D0C3408BE6}.Debug|Any CPU.Build.0 = Debug|Any CPU
		{3AA77433-E043-4A5E-B1BB-39D0C3408BE6}.Release|Any CPU.ActiveCfg = Release|Any CPU
		{3AA77433-E043-4A5E-B1BB-39D0C3408BE6}.Release|Any CPU.Build.0 = Release|Any CPU
		{E0C7614F-EC1F-46DD-8D29-7D49087910FC}.Debug|Any CPU.ActiveCfg = Debug|Any CPU
		{E0C7614F-EC1F-46DD-8D29-7D49087910FC}.Debug|Any CPU.Build.0 = Debug|Any CPU
		{E0C7614F-EC1F-46DD-8D29-7D49087910FC}.Release|Any CPU.ActiveCfg = Release|Any CPU
		{E0C7614F-EC1F-46DD-8D29-7D49087910FC}.Release|Any CPU.Build.0 = Release|Any CPU
		{C3076684-DC5C-4B48-8EA5-404471CC97FD}.Debug|Any CPU.ActiveCfg = Debug|Any CPU
		{C3076684-DC5C-4B48-8EA5-404471CC97FD}.Debug|Any CPU.Build.0 = Debug|Any CPU
		{C3076684-DC5C-4B48-8EA5-404471CC97FD}.Release|Any CPU.ActiveCfg = Release|Any CPU
		{C3076684-DC5C-4B48-8EA5-404471CC97FD}.Release|Any CPU.Build.0 = Release|Any CPU
		{8158763F-692C-4558-BC70-5D39868DFA6E}.Debug|Any CPU.ActiveCfg = Debug|Any CPU
		{8158763F-692C-4558-BC70-5D39868DFA6E}.Debug|Any CPU.Build.0 = Debug|Any CPU
		{8158763F-692C-4558-BC70-5D39868DFA6E}.Release|Any CPU.ActiveCfg = Release|Any CPU
		{8158763F-692C-4558-BC70-5D39868DFA6E}.Release|Any CPU.Build.0 = Release|Any CPU
		{F9CD42C8-61F9-4D07-BF69-F7F26041F007}.Debug|Any CPU.ActiveCfg = Debug|Any CPU
		{F9CD42C8-61F9-4D07-BF69-F7F26041F007}.Debug|Any CPU.Build.0 = Debug|Any CPU
		{F9CD42C8-61F9-4D07-BF69-F7F26041F007}.Release|Any CPU.ActiveCfg = Release|Any CPU
		{F9CD42C8-61F9-4D07-BF69-F7F26041F007}.Release|Any CPU.Build.0 = Release|Any CPU
		{F006AF84-F0B0-4B1C-A6D2-E1BCE9E8CD8F}.Debug|Any CPU.ActiveCfg = Debug|Any CPU
		{F006AF84-F0B0-4B1C-A6D2-E1BCE9E8CD8F}.Debug|Any CPU.Build.0 = Debug|Any CPU
		{F006AF84-F0B0-4B1C-A6D2-E1BCE9E8CD8F}.Release|Any CPU.ActiveCfg = Release|Any CPU
		{F006AF84-F0B0-4B1C-A6D2-E1BCE9E8CD8F}.Release|Any CPU.Build.0 = Release|Any CPU
		{4C0C857C-69DF-4E80-A7CB-330C9FEF6B0B}.Debug|Any CPU.ActiveCfg = Debug|Any CPU
		{4C0C857C-69DF-4E80-A7CB-330C9FEF6B0B}.Debug|Any CPU.Build.0 = Debug|Any CPU
		{4C0C857C-69DF-4E80-A7CB-330C9FEF6B0B}.Release|Any CPU.ActiveCfg = Release|Any CPU
		{4C0C857C-69DF-4E80-A7CB-330C9FEF6B0B}.Release|Any CPU.Build.0 = Release|Any CPU
		{0ABB303E-701F-4CCE-B3DE-E5290DA2D787}.Debug|Any CPU.ActiveCfg = Debug|Any CPU
		{0ABB303E-701F-4CCE-B3DE-E5290DA2D787}.Debug|Any CPU.Build.0 = Debug|Any CPU
		{0ABB303E-701F-4CCE-B3DE-E5290DA2D787}.Release|Any CPU.ActiveCfg = Release|Any CPU
		{0ABB303E-701F-4CCE-B3DE-E5290DA2D787}.Release|Any CPU.Build.0 = Release|Any CPU
		{DD4AE6C9-72DC-4191-8880-21C8E984FCEF}.Debug|Any CPU.ActiveCfg = Debug|Any CPU
		{DD4AE6C9-72DC-4191-8880-21C8E984FCEF}.Debug|Any CPU.Build.0 = Debug|Any CPU
		{DD4AE6C9-72DC-4191-8880-21C8E984FCEF}.Release|Any CPU.ActiveCfg = Release|Any CPU
		{DD4AE6C9-72DC-4191-8880-21C8E984FCEF}.Release|Any CPU.Build.0 = Release|Any CPU
		{A5C632D7-8F90-4B20-A358-444413CD84CE}.Debug|Any CPU.ActiveCfg = Debug|Any CPU
		{A5C632D7-8F90-4B20-A358-444413CD84CE}.Debug|Any CPU.Build.0 = Debug|Any CPU
		{A5C632D7-8F90-4B20-A358-444413CD84CE}.Release|Any CPU.ActiveCfg = Release|Any CPU
		{A5C632D7-8F90-4B20-A358-444413CD84CE}.Release|Any CPU.Build.0 = Release|Any CPU
		{5FD85AAB-4592-478E-A0E3-D3D579F94F39}.Debug|Any CPU.ActiveCfg = Debug|Any CPU
		{5FD85AAB-4592-478E-A0E3-D3D579F94F39}.Debug|Any CPU.Build.0 = Debug|Any CPU
		{5FD85AAB-4592-478E-A0E3-D3D579F94F39}.Release|Any CPU.ActiveCfg = Release|Any CPU
		{5FD85AAB-4592-478E-A0E3-D3D579F94F39}.Release|Any CPU.Build.0 = Release|Any CPU
		{9E01188E-38DB-4731-B612-3881B9F034FA}.Debug|Any CPU.ActiveCfg = Debug|Any CPU
		{9E01188E-38DB-4731-B612-3881B9F034FA}.Debug|Any CPU.Build.0 = Debug|Any CPU
		{9E01188E-38DB-4731-B612-3881B9F034FA}.Release|Any CPU.ActiveCfg = Release|Any CPU
		{9E01188E-38DB-4731-B612-3881B9F034FA}.Release|Any CPU.Build.0 = Release|Any CPU
		{C4314596-42D5-4232-8F86-A55E2C1B5A1E}.Debug|Any CPU.ActiveCfg = Debug|Any CPU
		{C4314596-42D5-4232-8F86-A55E2C1B5A1E}.Debug|Any CPU.Build.0 = Debug|Any CPU
		{C4314596-42D5-4232-8F86-A55E2C1B5A1E}.Release|Any CPU.ActiveCfg = Release|Any CPU
		{C4314596-42D5-4232-8F86-A55E2C1B5A1E}.Release|Any CPU.Build.0 = Release|Any CPU
		{4E7B9B58-8D2E-4BA4-A1E6-B72EB19E59A6}.Debug|Any CPU.ActiveCfg = Debug|Any CPU
		{4E7B9B58-8D2E-4BA4-A1E6-B72EB19E59A6}.Debug|Any CPU.Build.0 = Debug|Any CPU
		{4E7B9B58-8D2E-4BA4-A1E6-B72EB19E59A6}.Release|Any CPU.ActiveCfg = Release|Any CPU
		{4E7B9B58-8D2E-4BA4-A1E6-B72EB19E59A6}.Release|Any CPU.Build.0 = Release|Any CPU
		{A14EF242-B6B8-42D2-A6A9-40037193C2D2}.Debug|Any CPU.ActiveCfg = Debug|Any CPU
		{A14EF242-B6B8-42D2-A6A9-40037193C2D2}.Debug|Any CPU.Build.0 = Debug|Any CPU
		{A14EF242-B6B8-42D2-A6A9-40037193C2D2}.Release|Any CPU.ActiveCfg = Release|Any CPU
		{A14EF242-B6B8-42D2-A6A9-40037193C2D2}.Release|Any CPU.Build.0 = Release|Any CPU
		{6252163B-1B9A-42D0-97A2-5C3BBAEF939E}.Debug|Any CPU.ActiveCfg = Debug|Any CPU
		{6252163B-1B9A-42D0-97A2-5C3BBAEF939E}.Debug|Any CPU.Build.0 = Debug|Any CPU
		{6252163B-1B9A-42D0-97A2-5C3BBAEF939E}.Release|Any CPU.ActiveCfg = Release|Any CPU
		{6252163B-1B9A-42D0-97A2-5C3BBAEF939E}.Release|Any CPU.Build.0 = Release|Any CPU
		{D1C50FDF-CAFB-4865-91E0-AA3E8964FF91}.Debug|Any CPU.ActiveCfg = Debug|Any CPU
		{D1C50FDF-CAFB-4865-91E0-AA3E8964FF91}.Debug|Any CPU.Build.0 = Debug|Any CPU
		{D1C50FDF-CAFB-4865-91E0-AA3E8964FF91}.Release|Any CPU.ActiveCfg = Release|Any CPU
		{D1C50FDF-CAFB-4865-91E0-AA3E8964FF91}.Release|Any CPU.Build.0 = Release|Any CPU
	EndGlobalSection
	GlobalSection(SolutionProperties) = preSolution
		HideSolutionNode = FALSE
	EndGlobalSection
	GlobalSection(NestedProjects) = preSolution
		{AFE7085F-051E-4829-955F-3426FE643BDD} = {187AC294-0420-4726-808B-ED49148C0632}
		{6729A51B-A7D9-43F3-8F48-D55478254AB7} = {D027D36B-262B-450A-B444-5B7893B5142E}
		{2096C1D4-5C89-46D5-874A-66E78C9E5A98} = {187AC294-0420-4726-808B-ED49148C0632}
		{9BFE1F4E-C2F4-49FC-917E-BE25C0F42D84} = {D027D36B-262B-450A-B444-5B7893B5142E}
		{BEA2C25F-0551-4AFC-9961-7DB934724FF1} = {D027D36B-262B-450A-B444-5B7893B5142E}
		{2952A3E3-8831-419B-B14C-448C409961A7} = {D027D36B-262B-450A-B444-5B7893B5142E}
		{120F561D-5670-4C80-8CAB-4D770204DC91} = {D027D36B-262B-450A-B444-5B7893B5142E}
		{395F9DF7-AE5A-403E-BE7A-4AF045B21BB3} = {D027D36B-262B-450A-B444-5B7893B5142E}
		{0E9145DB-CC70-44F9-B52B-1D7D4C2B2E5F} = {D027D36B-262B-450A-B444-5B7893B5142E}
		{546267CD-BE21-44E1-A06E-C7558864EE4F} = {D027D36B-262B-450A-B444-5B7893B5142E}
		{A29115B9-30E4-4967-AD5A-C32394B8A64C} = {158628D7-8B68-451E-AF22-B64F473C5943}
		{8648122C-EE91-4B3B-98CD-355C3F1B9FDF} = {D027D36B-262B-450A-B444-5B7893B5142E}
		{1EC25581-781E-4FEA-A8AC-72BBD599FB87} = {D027D36B-262B-450A-B444-5B7893B5142E}
		{BB38F47A-1BBF-47E1-9872-088FC81DC825} = {D027D36B-262B-450A-B444-5B7893B5142E}
		{57F395AD-48D2-48BF-A117-881E112D947E} = {158628D7-8B68-451E-AF22-B64F473C5943}
		{879689CC-38F7-418F-9721-9D4158302B69} = {D027D36B-262B-450A-B444-5B7893B5142E}
		{141BD303-CD29-472F-B5D8-C1F28ED0621A} = {D027D36B-262B-450A-B444-5B7893B5142E}
		{EA1583D5-80DE-4A11-9530-26A0ED1FBA2C} = {D027D36B-262B-450A-B444-5B7893B5142E}
		{9FB83FF6-5A75-4036-80E6-11B302B921BE} = {158628D7-8B68-451E-AF22-B64F473C5943}
		{8302E4DD-2A99-439C-9D0C-A4BCF48E3FA3} = {158628D7-8B68-451E-AF22-B64F473C5943}
		{47A706D4-4DF6-437E-9401-61878ECA243C} = {D027D36B-262B-450A-B444-5B7893B5142E}
		{158628D7-8B68-451E-AF22-B64F473C5943} = {187AC294-0420-4726-808B-ED49148C0632}
		{D027D36B-262B-450A-B444-5B7893B5142E} = {187AC294-0420-4726-808B-ED49148C0632}
		{AE8D301D-BDDD-4E04-A487-FD08BAF18B75} = {D027D36B-262B-450A-B444-5B7893B5142E}
		{215D863E-9D87-42F4-AD17-209C330C6ECB} = {AFE7085F-051E-4829-955F-3426FE643BDD}
		{933613BD-35B0-4F79-A7A7-02F663C55B61} = {AFE7085F-051E-4829-955F-3426FE643BDD}
		{7BEA3B24-1E26-4897-9ECD-FF2E9B8F0FD6} = {187AC294-0420-4726-808B-ED49148C0632}
		{D3C276B2-3EF8-40A0-B048-B17B31498E31} = {7BEA3B24-1E26-4897-9ECD-FF2E9B8F0FD6}
		{3AA77433-E043-4A5E-B1BB-39D0C3408BE6} = {7BEA3B24-1E26-4897-9ECD-FF2E9B8F0FD6}
		{E0C7614F-EC1F-46DD-8D29-7D49087910FC} = {7BEA3B24-1E26-4897-9ECD-FF2E9B8F0FD6}
		{C3076684-DC5C-4B48-8EA5-404471CC97FD} = {7BEA3B24-1E26-4897-9ECD-FF2E9B8F0FD6}
		{8158763F-692C-4558-BC70-5D39868DFA6E} = {7BEA3B24-1E26-4897-9ECD-FF2E9B8F0FD6}
		{4C0C857C-69DF-4E80-A7CB-330C9FEF6B0B} = {AFE7085F-051E-4829-955F-3426FE643BDD}
		{0ABB303E-701F-4CCE-B3DE-E5290DA2D787} = {D027D36B-262B-450A-B444-5B7893B5142E}
		{DD4AE6C9-72DC-4191-8880-21C8E984FCEF} = {D027D36B-262B-450A-B444-5B7893B5142E}
		{A5C632D7-8F90-4B20-A358-444413CD84CE} = {D027D36B-262B-450A-B444-5B7893B5142E}
		{5FD85AAB-4592-478E-A0E3-D3D579F94F39} = {D027D36B-262B-450A-B444-5B7893B5142E}
		{9E01188E-38DB-4731-B612-3881B9F034FA} = {D027D36B-262B-450A-B444-5B7893B5142E}
		{C4314596-42D5-4232-8F86-A55E2C1B5A1E} = {158628D7-8B68-451E-AF22-B64F473C5943}
		{4E7B9B58-8D2E-4BA4-A1E6-B72EB19E59A6} = {158628D7-8B68-451E-AF22-B64F473C5943}
		{A14EF242-B6B8-42D2-A6A9-40037193C2D2} = {158628D7-8B68-451E-AF22-B64F473C5943}
		{6252163B-1B9A-42D0-97A2-5C3BBAEF939E} = {158628D7-8B68-451E-AF22-B64F473C5943}
		{D1C50FDF-CAFB-4865-91E0-AA3E8964FF91} = {158628D7-8B68-451E-AF22-B64F473C5943}
	EndGlobalSection
	GlobalSection(ExtensibilityGlobals) = postSolution
		SolutionGuid = {BAD78470-3D66-466E-9C17-2A67F0905B18}
	EndGlobalSection
EndGlobal
